
Microsoft Visual Studio Solution File, Format Version 11.00
# Visual Studio 2010
Project("{FAE04EC0-301F-11D3-BF4B-00C04F79EFBC}") = "Assembly-CSharp", "Assembly-CSharp.csproj", "{A95B400C-85C1-091D-6C82-76278F5B9CAC}"
EndProject
Global
	GlobalSection(SolutionConfigurationPlatforms) = preSolution
		Debug|Any CPU = Debug|Any CPU
		Release|Any CPU = Release|Any CPU
	EndGlobalSection
	GlobalSection(ProjectConfigurationPlatforms) = postSolution
		{A95B400C-85C1-091D-6C82-76278F5B9CAC}.Debug|Any CPU.ActiveCfg = Debug|Any CPU
		{A95B400C-85C1-091D-6C82-76278F5B9CAC}.Debug|Any CPU.Build.0 = Debug|Any CPU
		{A95B400C-85C1-091D-6C82-76278F5B9CAC}.Release|Any CPU.ActiveCfg = Release|Any CPU
		{A95B400C-85C1-091D-6C82-76278F5B9CAC}.Release|Any CPU.Build.0 = Release|Any CPU
	EndGlobalSection
	GlobalSection(SolutionProperties) = preSolution
		HideSolutionNode = FALSE
	EndGlobalSection
	GlobalSection(MonoDevelopProperties) = preSolution
		StartupItem = Assembly-CSharp.csproj
	EndGlobalSection
EndGlobal
